
Microsoft Visual Studio Solution File, Format Version 12.00
# Visual Studio Version 17
VisualStudioVersion = 17.6.33829.357
MinimumVisualStudioVersion = 10.0.40219.1
Project("{FAE04EC0-301F-11D3-BF4B-00C04F79EFBC}") = "TestProject1", "TestProject1\TestProject1.csproj", "{9B0BABB1-0121-4BB3-93A7-505AC4B2EC01}"
EndProject
Global
	GlobalSection(SolutionConfigurationPlatforms) = preSolution
		Debug|Any CPU = Debug|Any CPU
		Release|Any CPU = Release|Any CPU
	EndGlobalSection
	GlobalSection(ProjectConfigurationPlatforms) = postSolution
		{9B0BABB1-0121-4BB3-93A7-505AC4B2EC01}.Debug|Any CPU.ActiveCfg = Debug|Any CPU
		{9B0BABB1-0121-4BB3-93A7-505AC4B2EC01}.Debug|Any CPU.Build.0 = Debug|Any CPU
		{9B0BABB1-0121-4BB3-93A7-505AC4B2EC01}.Release|Any CPU.ActiveCfg = Release|Any CPU
		{9B0BABB1-0121-4BB3-93A7-505AC4B2EC01}.Release|Any CPU.Build.0 = Release|Any CPU
	EndGlobalSection
	GlobalSection(SolutionProperties) = preSolution
		HideSolutionNode = FALSE
	EndGlobalSection
	GlobalSection(ExtensibilityGlobals) = postSolution
		SolutionGuid = {A511BE57-CB97-44B5-882A-ACD57CCAC48E}
	EndGlobalSection
EndGlobal
